
Microsoft Visual Studio Solution File, Format Version 12.00
# Visual Studio Version 16
VisualStudioVersion = 16.0.29009.5
MinimumVisualStudioVersion = 10.0.40219.1
Project("{8BC9CEB8-8B4A-11D0-8D11-00A0C91BC942}") = "ffmpeg_detect_video_type", "ffmpeg_detect_video_type\ffmpeg_detect_video_type.vcxproj", "{37233B08-A748-4E3D-A3D6-220567B573A9}"
EndProject
Project("{8BC9CEB8-8B4A-11D0-8D11-00A0C91BC942}") = "VP9_Tile_Mode", "VP9_Tile_Mode\VP9_Tile_Mode.vcxproj", "{47B3499C-32D2-4BF7-8418-863A40B99F13}"
EndProject
Project("{8BC9CEB8-8B4A-11D0-8D11-00A0C91BC942}") = "y2bmp", "y2bmp\y2bmp.vcxproj", "{AA271D76-C724-413A-A877-1D5954220C26}"
EndProject
Project("{8BC9CEB8-8B4A-11D0-8D11-00A0C91BC942}") = "yuv2bmp", "yuv2bmp\yuv2bmp.vcxproj", "{930B6A7C-2E8A-4219-85C2-98B39F291B7C}"
EndProject
Project("{8BC9CEB8-8B4A-11D0-8D11-00A0C91BC942}") = "TVBoard", "TVBoard\TVBoard.vcxproj", "{8097F21B-EA31-432F-BD8B-4B83779D18A9}"
EndProject
Project("{8BC9CEB8-8B4A-11D0-8D11-00A0C91BC942}") = "mpeg-2", "mpeg-2\mpeg-2.vcxproj", "{9A8D8DB4-E299-4722-83EA-451833A611F6}"
EndProject
Project("{8BC9CEB8-8B4A-11D0-8D11-00A0C91BC942}") = "H264", "H264\H264.vcxproj", "{F91D8639-D5A5-4EF0-AC46-03EB38F88CD9}"
EndProject
Project("{8BC9CEB8-8B4A-11D0-8D11-00A0C91BC942}") = "h264_cabac", "h264_cabac\h264_cabac.vcxproj", "{AAC693FB-C8D8-4D78-9AF2-3661943844C0}"
EndProject
Project("{8BC9CEB8-8B4A-11D0-8D11-00A0C91BC942}") = "h264_nalu", "h264_nalu\h264_nalu.vcxproj", "{31D5EAC5-28AB-4455-AC95-3D0FFC0425B5}"
EndProject
Project("{8BC9CEB8-8B4A-11D0-8D11-00A0C91BC942}") = "h264_sps", "h264_sps\h264_sps.vcxproj", "{4CD927EA-2BF7-4364-B57B-49CAB802CDE1}"
EndProject
Project("{8BC9CEB8-8B4A-11D0-8D11-00A0C91BC942}") = "h265_nalu", "h265_nalu\h265_nalu.vcxproj", "{577C6EC9-F78B-4975-9E34-90CAA10311AB}"
EndProject
Project("{8BC9CEB8-8B4A-11D0-8D11-00A0C91BC942}") = "mjpegb_pts", "mjpegb_pts\mjpegb_pts.vcxproj", "{06916C97-8381-4992-8C52-FFC438398236}"
EndProject
Project("{8BC9CEB8-8B4A-11D0-8D11-00A0C91BC942}") = "mjpeg_counter", "mjpeg_counter\mjpeg_counter.vcxproj", "{5ECCF997-F0D3-4FF6-BAEB-F75FFFE532F3}"
EndProject
Project("{8BC9CEB8-8B4A-11D0-8D11-00A0C91BC942}") = "vp9_counter", "vp9_counter\vp9_counter.vcxproj", "{E4A4FF3D-3092-4A1D-8A72-870486466447}"
EndProject
Project("{8BC9CEB8-8B4A-11D0-8D11-00A0C91BC942}") = "ffmpeg_extract_hdr10", "ffmpeg_extract_hdr10\ffmpeg_extract_hdr10.vcxproj", "{059C5A01-51C0-4282-8F7F-BAF2D0F6CC2B}"
EndProject
Project("{8BC9CEB8-8B4A-11D0-8D11-00A0C91BC942}") = "ffmpeg_video_info", "ffmpeg_video_info\ffmpeg_video_info.vcxproj", "{7E2955B5-B54E-41BA-B2EE-5D1E0AA8CD19}"
EndProject
Global
	GlobalSection(SolutionConfigurationPlatforms) = preSolution
		Debug|x64 = Debug|x64
		Debug|x86 = Debug|x86
		Release|x64 = Release|x64
		Release|x86 = Release|x86
	EndGlobalSection
	GlobalSection(ProjectConfigurationPlatforms) = postSolution
		{37233B08-A748-4E3D-A3D6-220567B573A9}.Debug|x64.ActiveCfg = Debug|x64
		{37233B08-A748-4E3D-A3D6-220567B573A9}.Debug|x64.Build.0 = Debug|x64
		{37233B08-A748-4E3D-A3D6-220567B573A9}.Debug|x86.ActiveCfg = Debug|Win32
		{37233B08-A748-4E3D-A3D6-220567B573A9}.Debug|x86.Build.0 = Debug|Win32
		{37233B08-A748-4E3D-A3D6-220567B573A9}.Release|x64.ActiveCfg = Release|x64
		{37233B08-A748-4E3D-A3D6-220567B573A9}.Release|x64.Build.0 = Release|x64
		{37233B08-A748-4E3D-A3D6-220567B573A9}.Release|x86.ActiveCfg = Release|Win32
		{37233B08-A748-4E3D-A3D6-220567B573A9}.Release|x86.Build.0 = Release|Win32
		{47B3499C-32D2-4BF7-8418-863A40B99F13}.Debug|x64.ActiveCfg = Debug|x64
		{47B3499C-32D2-4BF7-8418-863A40B99F13}.Debug|x64.Build.0 = Debug|x64
		{47B3499C-32D2-4BF7-8418-863A40B99F13}.Debug|x86.ActiveCfg = Debug|Win32
		{47B3499C-32D2-4BF7-8418-863A40B99F13}.Debug|x86.Build.0 = Debug|Win32
		{47B3499C-32D2-4BF7-8418-863A40B99F13}.Release|x64.ActiveCfg = Release|x64
		{47B3499C-32D2-4BF7-8418-863A40B99F13}.Release|x64.Build.0 = Release|x64
		{47B3499C-32D2-4BF7-8418-863A40B99F13}.Release|x86.ActiveCfg = Release|Win32
		{47B3499C-32D2-4BF7-8418-863A40B99F13}.Release|x86.Build.0 = Release|Win32
		{AA271D76-C724-413A-A877-1D5954220C26}.Debug|x64.ActiveCfg = Debug|x64
		{AA271D76-C724-413A-A877-1D5954220C26}.Debug|x64.Build.0 = Debug|x64
		{AA271D76-C724-413A-A877-1D5954220C26}.Debug|x86.ActiveCfg = Debug|Win32
		{AA271D76-C724-413A-A877-1D5954220C26}.Debug|x86.Build.0 = Debug|Win32
		{AA271D76-C724-413A-A877-1D5954220C26}.Release|x64.ActiveCfg = Release|x64
		{AA271D76-C724-413A-A877-1D5954220C26}.Release|x64.Build.0 = Release|x64
		{AA271D76-C724-413A-A877-1D5954220C26}.Release|x86.ActiveCfg = Release|Win32
		{AA271D76-C724-413A-A877-1D5954220C26}.Release|x86.Build.0 = Release|Win32
		{930B6A7C-2E8A-4219-85C2-98B39F291B7C}.Debug|x64.ActiveCfg = Debug|x64
		{930B6A7C-2E8A-4219-85C2-98B39F291B7C}.Debug|x64.Build.0 = Debug|x64
		{930B6A7C-2E8A-4219-85C2-98B39F291B7C}.Debug|x86.ActiveCfg = Debug|Win32
		{930B6A7C-2E8A-4219-85C2-98B39F291B7C}.Debug|x86.Build.0 = Debug|Win32
		{930B6A7C-2E8A-4219-85C2-98B39F291B7C}.Release|x64.ActiveCfg = Release|x64
		{930B6A7C-2E8A-4219-85C2-98B39F291B7C}.Release|x64.Build.0 = Release|x64
		{930B6A7C-2E8A-4219-85C2-98B39F291B7C}.Release|x86.ActiveCfg = Release|Win32
		{930B6A7C-2E8A-4219-85C2-98B39F291B7C}.Release|x86.Build.0 = Release|Win32
		{8097F21B-EA31-432F-BD8B-4B83779D18A9}.Debug|x64.ActiveCfg = Debug|x64
		{8097F21B-EA31-432F-BD8B-4B83779D18A9}.Debug|x64.Build.0 = Debug|x64
		{8097F21B-EA31-432F-BD8B-4B83779D18A9}.Debug|x86.ActiveCfg = Debug|Win32
		{8097F21B-EA31-432F-BD8B-4B83779D18A9}.Debug|x86.Build.0 = Debug|Win32
		{8097F21B-EA31-432F-BD8B-4B83779D18A9}.Release|x64.ActiveCfg = Release|x64
		{8097F21B-EA31-432F-BD8B-4B83779D18A9}.Release|x64.Build.0 = Release|x64
		{8097F21B-EA31-432F-BD8B-4B83779D18A9}.Release|x86.ActiveCfg = Release|Win32
		{8097F21B-EA31-432F-BD8B-4B83779D18A9}.Release|x86.Build.0 = Release|Win32
		{9A8D8DB4-E299-4722-83EA-451833A611F6}.Debug|x64.ActiveCfg = Debug|x64
		{9A8D8DB4-E299-4722-83EA-451833A611F6}.Debug|x64.Build.0 = Debug|x64
		{9A8D8DB4-E299-4722-83EA-451833A611F6}.Debug|x86.ActiveCfg = Debug|Win32
		{9A8D8DB4-E299-4722-83EA-451833A611F6}.Debug|x86.Build.0 = Debug|Win32
		{9A8D8DB4-E299-4722-83EA-451833A611F6}.Release|x64.ActiveCfg = Release|x64
		{9A8D8DB4-E299-4722-83EA-451833A611F6}.Release|x64.Build.0 = Release|x64
		{9A8D8DB4-E299-4722-83EA-451833A611F6}.Release|x86.ActiveCfg = Release|Win32
		{9A8D8DB4-E299-4722-83EA-451833A611F6}.Release|x86.Build.0 = Release|Win32
		{F91D8639-D5A5-4EF0-AC46-03EB38F88CD9}.Debug|x64.ActiveCfg = Debug|x64
		{F91D8639-D5A5-4EF0-AC46-03EB38F88CD9}.Debug|x64.Build.0 = Debug|x64
		{F91D8639-D5A5-4EF0-AC46-03EB38F88CD9}.Debug|x86.ActiveCfg = Debug|Win32
		{F91D8639-D5A5-4EF0-AC46-03EB38F88CD9}.Debug|x86.Build.0 = Debug|Win32
		{F91D8639-D5A5-4EF0-AC46-03EB38F88CD9}.Release|x64.ActiveCfg = Release|x64
		{F91D8639-D5A5-4EF0-AC46-03EB38F88CD9}.Release|x64.Build.0 = Release|x64
		{F91D8639-D5A5-4EF0-AC46-03EB38F88CD9}.Release|x86.ActiveCfg = Release|Win32
		{F91D8639-D5A5-4EF0-AC46-03EB38F88CD9}.Release|x86.Build.0 = Release|Win32
		{AAC693FB-C8D8-4D78-9AF2-3661943844C0}.Debug|x64.ActiveCfg = Debug|x64
		{AAC693FB-C8D8-4D78-9AF2-3661943844C0}.Debug|x64.Build.0 = Debug|x64
		{AAC693FB-C8D8-4D78-9AF2-3661943844C0}.Debug|x86.ActiveCfg = Debug|Win32
		{AAC693FB-C8D8-4D78-9AF2-3661943844C0}.Debug|x86.Build.0 = Debug|Win32
		{AAC693FB-C8D8-4D78-9AF2-3661943844C0}.Release|x64.ActiveCfg = Release|x64
		{AAC693FB-C8D8-4D78-9AF2-3661943844C0}.Release|x64.Build.0 = Release|x64
		{AAC693FB-C8D8-4D78-9AF2-3661943844C0}.Release|x86.ActiveCfg = Release|Win32
		{AAC693FB-C8D8-4D78-9AF2-3661943844C0}.Release|x86.Build.0 = Release|Win32
		{31D5EAC5-28AB-4455-AC95-3D0FFC0425B5}.Debug|x64.ActiveCfg = Debug|x64
		{31D5EAC5-28AB-4455-AC95-3D0FFC0425B5}.Debug|x64.Build.0 = Debug|x64
		{31D5EAC5-28AB-4455-AC95-3D0FFC0425B5}.Debug|x86.ActiveCfg = Debug|Win32
		{31D5EAC5-28AB-4455-AC95-3D0FFC0425B5}.Debug|x86.Build.0 = Debug|Win32
		{31D5EAC5-28AB-4455-AC95-3D0FFC0425B5}.Release|x64.ActiveCfg = Release|x64
		{31D5EAC5-28AB-4455-AC95-3D0FFC0425B5}.Release|x64.Build.0 = Release|x64
		{31D5EAC5-28AB-4455-AC95-3D0FFC0425B5}.Release|x86.ActiveCfg = Release|Win32
		{31D5EAC5-28AB-4455-AC95-3D0FFC0425B5}.Release|x86.Build.0 = Release|Win32
		{4CD927EA-2BF7-4364-B57B-49CAB802CDE1}.Debug|x64.ActiveCfg = Debug|x64
		{4CD927EA-2BF7-4364-B57B-49CAB802CDE1}.Debug|x64.Build.0 = Debug|x64
		{4CD927EA-2BF7-4364-B57B-49CAB802CDE1}.Debug|x86.ActiveCfg = Debug|Win32
		{4CD927EA-2BF7-4364-B57B-49CAB802CDE1}.Debug|x86.Build.0 = Debug|Win32
		{4CD927EA-2BF7-4364-B57B-49CAB802CDE1}.Release|x64.ActiveCfg = Release|x64
		{4CD927EA-2BF7-4364-B57B-49CAB802CDE1}.Release|x64.Build.0 = Release|x64
		{4CD927EA-2BF7-4364-B57B-49CAB802CDE1}.Release|x86.ActiveCfg = Release|Win32
		{4CD927EA-2BF7-4364-B57B-49CAB802CDE1}.Release|x86.Build.0 = Release|Win32
		{577C6EC9-F78B-4975-9E34-90CAA10311AB}.Debug|x64.ActiveCfg = Debug|x64
		{577C6EC9-F78B-4975-9E34-90CAA10311AB}.Debug|x64.Build.0 = Debug|x64
		{577C6EC9-F78B-4975-9E34-90CAA10311AB}.Debug|x86.ActiveCfg = Debug|Win32
		{577C6EC9-F78B-4975-9E34-90CAA10311AB}.Debug|x86.Build.0 = Debug|Win32
		{577C6EC9-F78B-4975-9E34-90CAA10311AB}.Release|x64.ActiveCfg = Release|x64
		{577C6EC9-F78B-4975-9E34-90CAA10311AB}.Release|x64.Build.0 = Release|x64
		{577C6EC9-F78B-4975-9E34-90CAA10311AB}.Release|x86.ActiveCfg = Release|Win32
		{577C6EC9-F78B-4975-9E34-90CAA10311AB}.Release|x86.Build.0 = Release|Win32
		{06916C97-8381-4992-8C52-FFC438398236}.Debug|x64.ActiveCfg = Debug|x64
		{06916C97-8381-4992-8C52-FFC438398236}.Debug|x64.Build.0 = Debug|x64
		{06916C97-8381-4992-8C52-FFC438398236}.Debug|x86.ActiveCfg = Debug|Win32
		{06916C97-8381-4992-8C52-FFC438398236}.Debug|x86.Build.0 = Debug|Win32
		{06916C97-8381-4992-8C52-FFC438398236}.Release|x64.ActiveCfg = Release|x64
		{06916C97-8381-4992-8C52-FFC438398236}.Release|x64.Build.0 = Release|x64
		{06916C97-8381-4992-8C52-FFC438398236}.Release|x86.ActiveCfg = Release|Win32
		{06916C97-8381-4992-8C52-FFC438398236}.Release|x86.Build.0 = Release|Win32
		{5ECCF997-F0D3-4FF6-BAEB-F75FFFE532F3}.Debug|x64.ActiveCfg = Debug|x64
		{5ECCF997-F0D3-4FF6-BAEB-F75FFFE532F3}.Debug|x64.Build.0 = Debug|x64
		{5ECCF997-F0D3-4FF6-BAEB-F75FFFE532F3}.Debug|x86.ActiveCfg = Debug|Win32
		{5ECCF997-F0D3-4FF6-BAEB-F75FFFE532F3}.Debug|x86.Build.0 = Debug|Win32
		{5ECCF997-F0D3-4FF6-BAEB-F75FFFE532F3}.Release|x64.ActiveCfg = Release|x64
		{5ECCF997-F0D3-4FF6-BAEB-F75FFFE532F3}.Release|x64.Build.0 = Release|x64
		{5ECCF997-F0D3-4FF6-BAEB-F75FFFE532F3}.Release|x86.ActiveCfg = Release|Win32
		{5ECCF997-F0D3-4FF6-BAEB-F75FFFE532F3}.Release|x86.Build.0 = Release|Win32
		{E4A4FF3D-3092-4A1D-8A72-870486466447}.Debug|x64.ActiveCfg = Debug|x64
		{E4A4FF3D-3092-4A1D-8A72-870486466447}.Debug|x64.Build.0 = Debug|x64
		{E4A4FF3D-3092-4A1D-8A72-870486466447}.Debug|x86.ActiveCfg = Debug|Win32
		{E4A4FF3D-3092-4A1D-8A72-870486466447}.Debug|x86.Build.0 = Debug|Win32
		{E4A4FF3D-3092-4A1D-8A72-870486466447}.Release|x64.ActiveCfg = Release|x64
		{E4A4FF3D-3092-4A1D-8A72-870486466447}.Release|x64.Build.0 = Release|x64
		{E4A4FF3D-3092-4A1D-8A72-870486466447}.Release|x86.ActiveCfg = Release|Win32
		{E4A4FF3D-3092-4A1D-8A72-870486466447}.Release|x86.Build.0 = Release|Win32
		{059C5A01-51C0-4282-8F7F-BAF2D0F6CC2B}.Debug|x64.ActiveCfg = Debug|x64
		{059C5A01-51C0-4282-8F7F-BAF2D0F6CC2B}.Debug|x64.Build.0 = Debug|x64
		{059C5A01-51C0-4282-8F7F-BAF2D0F6CC2B}.Debug|x86.ActiveCfg = Debug|Win32
		{059C5A01-51C0-4282-8F7F-BAF2D0F6CC2B}.Debug|x86.Build.0 = Debug|Win32
		{059C5A01-51C0-4282-8F7F-BAF2D0F6CC2B}.Release|x64.ActiveCfg = Release|x64
		{059C5A01-51C0-4282-8F7F-BAF2D0F6CC2B}.Release|x64.Build.0 = Release|x64
		{059C5A01-51C0-4282-8F7F-BAF2D0F6CC2B}.Release|x86.ActiveCfg = Release|Win32
		{059C5A01-51C0-4282-8F7F-BAF2D0F6CC2B}.Release|x86.Build.0 = Release|Win32
		{7E2955B5-B54E-41BA-B2EE-5D1E0AA8CD19}.Debug|x64.ActiveCfg = Debug|x64
		{7E2955B5-B54E-41BA-B2EE-5D1E0AA8CD19}.Debug|x64.Build.0 = Debug|x64
		{7E2955B5-B54E-41BA-B2EE-5D1E0AA8CD19}.Debug|x86.ActiveCfg = Debug|Win32
		{7E2955B5-B54E-41BA-B2EE-5D1E0AA8CD19}.Debug|x86.Build.0 = Debug|Win32
		{7E2955B5-B54E-41BA-B2EE-5D1E0AA8CD19}.Release|x64.ActiveCfg = Release|x64
		{7E2955B5-B54E-41BA-B2EE-5D1E0AA8CD19}.Release|x64.Build.0 = Release|x64
		{7E2955B5-B54E-41BA-B2EE-5D1E0AA8CD19}.Release|x86.ActiveCfg = Release|Win32
		{7E2955B5-B54E-41BA-B2EE-5D1E0AA8CD19}.Release|x86.Build.0 = Release|Win32
	EndGlobalSection
	GlobalSection(SolutionProperties) = preSolution
		HideSolutionNode = FALSE
	EndGlobalSection
	GlobalSection(ExtensibilityGlobals) = postSolution
		SolutionGuid = {7BBC51D9-99EB-4C42-9C72-20D9003C7A04}
	EndGlobalSection
EndGlobal
